github.com/acheong08/soup v0.0.0-20230601012654-4006f988a80e h1:u/vs90aAAzocimPw0erILubTNUmZudUz0FoufRyGGjo=
github.com/acheong08/soup v0.0.0-20230601012654-4006f988a80e/go.mod h1:dEkIv4nW2vFWBDNrBi33Qwm8CbohzgehjtxrTTi3qUc=
github.com/andybalholm/brotli v1.0.4 h1:V7DdXeJtZscaqfNuAdSRuRFzuiKlHSC/Zh3zl9qY3JY=
github.com/andybalholm/brotli v1.0.4/go.mod h1:fO7iG3H7G2nSZ7m0zPUDn85XEX2GTukHGRSepvi9Eig=
github.com/bogdanfinn/fhttp v0.5.22 h1:U1jhZRtuaOanWWcm1WdMFnwMvSxUQgvO6berqAVTc5o=
github.com/bogdanfinn/fhttp v0.5.22/go.mod h1:brqi5woc5eSCVHdKYBV8aZLbO7HGqpwyDLeXW+fT18I=
github.com/bogdanfinn/tls-client v1.3.12 h1:jpNj7owMY/oULUQyAhAv6tRFkliFGLyr8Qx1ZZY/gp8=
github.com/bogdanfinn/tls-client v1.3.12/go.mod h1:Q46nwIm0wPCweDM3XZcupxEIsTOWo3HVYSSsDj02/Qo=
github.com/bogdanfinn/utls v1.5.16 h1:NhhWkegEcYETBMj9nvgO4lwvc6NcLH+znrXzO3gnw4M=
github.com/bogdanfinn/utls v1.5.16/go.mod h1:mHeRCi69cUiEyVBkKONB1cAbLjRcZnlJbGzttmiuK4o=
github.com/davecgh/go-spew v1.1.1 h1:vj9j/u1bqnvCEfJOwUhtlOARqs3+rkHYY13jYWTU97c=
github.com/klauspost/compress v1.15.12 h1:YClS/PImqYbn+UILDnqxQCZ3RehC9N318SU3kElDUEM=
github.com/klauspost/compress v1.15.12/go.mod h1:QPwzmACJjUTFsnSHH934V6woptycfrDDJnH7hvFVbGM=
github.com/pmezard/go-difflib v1.0.0 h1:4DBwDE0NGyQoBHbLQYPwSUPoCMWR5BEzIk/f1lZbAQM=
github.com/stretchr/testify v1.8.0 h1:pSgiaMZlXftHpm5L7V1+rVB+AZJydKsMxsQBIJw4PKk=
github.com/tam7t/hpkp v0.0.0-20160821193359-2b70b4024ed5 h1:YqAladjX7xpA6BM04leXMWAEjS0mTZ5kUU9KRBriQJc=
github.com/tam7t/hpkp v0.0.0-20160821193359-2b70b4024ed5/go.mod h1:2JjD2zLQYH5HO74y5+aE3remJQvl6q4Sn6aWA2wD1Ng=
golang.org/x/crypto v0.1.0 h1:MDRAIl0xIo9Io2xV565hzXHw3zVseKrJKodhohM5CjU=
golang.org/x/crypto v0.1.0/go.mod h1:RecgLatLF4+eUMCP1PoPZQb+cVrJcOPbHkTkbkB9sbw=
golang.org/x/net v0.10.0 h1:X2//UzNDwYmtCLn7To6G58Wr6f5ahEAQgKNzv9Y951M=
golang.org/x/net v0.10.0/go.mod h1:0qNGK6F8kojg2nk9dLZ2mShWaEBan6FAoqfSigmmuDg=
golang.org/x/sys v0.8.0 h1:EBmGv8NaZBZTWvrbjNoL6HVt+IVy3QDQpJs7VRIw3tU=
golang.org/x/sys v0.8.0/go.mod h1:oPkhp1MJrh7nUepCBck5+mAzfO9JrbApNNgaTdGDITg=
golang.org/x/text v0.9.0 h1:2sjJmO8cDvYveuX97RDLsxlyUxLl+GHoLxBiRdHllBE=
golang.org/x/text v0.9.0/go.mod h1:e1OnstbJyHTd6l/uOt8jFFHp6TRDWZR/bV3emEE/zU8=
gopkg.in/yaml.v3 v3.0.1 h1:fxVm/GzAzEWqLHuvctI91KS9hhNmmWOoWu0XTYJS7CA=
